
Microsoft Visual Studio Solution File, Format Version 12.00
# Visual Studio Version 17
VisualStudioVersion = 17.5.002.0
MinimumVisualStudioVersion = 10.0.40219.1
Project("{9A19103F-16F7-4668-BE54-9A1E7A4F7556}") = "MyWebApp", "MyWebApp.csproj", "{2F252E9B-E772-4192-ABDF-79BF4644049D}"
EndProject
Global
	GlobalSection(SolutionConfigurationPlatforms) = preSolution
		Debug|Any CPU = Debug|Any CPU
		Release|Any CPU = Release|Any CPU
	EndGlobalSection
	GlobalSection(ProjectConfigurationPlatforms) = postSolution
		{2F252E9B-E772-4192-ABDF-79BF4644049D}.Debug|Any CPU.ActiveCfg = Debug|Any CPU
		{2F252E9B-E772-4192-ABDF-79BF4644049D}.Debug|Any CPU.Build.0 = Debug|Any CPU
		{2F252E9B-E772-4192-ABDF-79BF4644049D}.Release|Any CPU.ActiveCfg = Release|Any CPU
		{2F252E9B-E772-4192-ABDF-79BF4644049D}.Release|Any CPU.Build.0 = Release|Any CPU
	EndGlobalSection
	GlobalSection(SolutionProperties) = preSolution
		HideSolutionNode = FALSE
	EndGlobalSection
	GlobalSection(ExtensibilityGlobals) = postSolution
		SolutionGuid = {3CC5DE78-01AF-4329-B3F8-9F770200ABB8}
	EndGlobalSection
EndGlobal
